
Microsoft Visual Studio Solution File, Format Version 12.00
# Visual Studio Version 16
VisualStudioVersion = 16.0.28803.452
MinimumVisualStudioVersion = 10.0.40219.1
Project("{FAE04EC0-301F-11D3-BF4B-00C04F79EFBC}") = "WebApplicationWithAngular", "WebApplicationWithAngular\WebApplicationWithAngular.csproj", "{68144263-848B-4BC8-AE3F-C74810EF9310}"
EndProject
Global
	GlobalSection(SolutionConfigurationPlatforms) = preSolution
		Debug|Any CPU = Debug|Any CPU
		Release|Any CPU = Release|Any CPU
	EndGlobalSection
	GlobalSection(ProjectConfigurationPlatforms) = postSolution
		{68144263-848B-4BC8-AE3F-C74810EF9310}.Debug|Any CPU.ActiveCfg = Debug|Any CPU
		{68144263-848B-4BC8-AE3F-C74810EF9310}.Debug|Any CPU.Build.0 = Debug|Any CPU
		{68144263-848B-4BC8-AE3F-C74810EF9310}.Release|Any CPU.ActiveCfg = Release|Any CPU
		{68144263-848B-4BC8-AE3F-C74810EF9310}.Release|Any CPU.Build.0 = Release|Any CPU
	EndGlobalSection
	GlobalSection(SolutionProperties) = preSolution
		HideSolutionNode = FALSE
	EndGlobalSection
	GlobalSection(ExtensibilityGlobals) = postSolution
		SolutionGuid = {E68EBCBA-C58C-46BB-B34F-47DFF263C475}
	EndGlobalSection
EndGlobal
